<?xml version="1.0" encoding="UTF-8"?>
<Project ToolsVersion="4.0" xmlns="http://schemas.microsoft.com/developer/msbuild/2003">
  <ItemGroup>
    <ClCompile Include="ReaderWriterBSP.cpp">
      <Filter>Source Files</Filter>
    </ClCompile>
    <ClCompile Include="BITSET.cpp">
      <Filter>Source Files</Filter>
    </ClCompile>
    <ClCompile Include="Q3BSPReader.cpp">
      <Filter>Source Files</Filter>
    </ClCompile>
    <ClCompile Include="Q3BSPLoad.cpp">
      <Filter>Source Files</Filter>
    </ClCompile>
    <ClCompile Include="VBSPData.cpp">
      <Filter>Source Files</Filter>
    </ClCompile>
    <ClCompile Include="VBSPEntity.cpp">
      <Filter>Source Files</Filter>
    </ClCompile>
    <ClCompile Include="VBSPGeometry.cpp">
      <Filter>Source Files</Filter>
    </ClCompile>
    <ClCompile Include="VBSPReader.cpp">
      <Filter>Source Files</Filter>
    </ClCompile>
  </ItemGroup>
  <ItemGroup>
    <ClInclude Include="ReaderWriterBSP.h">
      <Filter>Header Files</Filter>
    </ClInclude>
    <ClInclude Include="BITSET.h">
      <Filter>Header Files</Filter>
    </ClInclude>
    <ClInclude Include="Q3BSPReader.h">
      <Filter>Header Files</Filter>
    </ClInclude>
    <ClInclude Include="Q3BSPLoad.h">
      <Filter>Header Files</Filter>
    </ClInclude>
    <ClInclude Include="VBSPData.h">
      <Filter>Header Files</Filter>
    </ClInclude>
    <ClInclude Include="VBSPEntity.h">
      <Filter>Header Files</Filter>
    </ClInclude>
    <ClInclude Include="VBSPGeometry.h">
      <Filter>Header Files</Filter>
    </ClInclude>
    <ClInclude Include="VBSPReader.h">
      <Filter>Header Files</Filter>
    </ClInclude>
  </ItemGroup>
  <ItemGroup>
    <CustomBuild Include="CMakeLists.txt" />
  </ItemGroup>
  <ItemGroup>
    <ResourceCompile Include="..\..\..\PlatformSpecifics\Windows\OpenSceneGraphVersionInfo.rc">
      <Filter>Source Files</Filter>
    </ResourceCompile>
  </ItemGroup>
  <ItemGroup>
    <Filter Include="Source Files">
      <UniqueIdentifier>{9DA6F235-65BB-369A-9644-DFFF842D4DE2}</UniqueIdentifier>
    </Filter>
    <Filter Include="Header Files">
      <UniqueIdentifier>{7C5A8E3A-D65C-3A16-B312-F83264D66A2B}</UniqueIdentifier>
    </Filter>
  </ItemGroup>
</Project>
