<?xml version="1.0" encoding="UTF-8"?>
<Project ToolsVersion="4.0" xmlns="http://schemas.microsoft.com/developer/msbuild/2003">
  <ItemGroup>
    <ClCompile Include="algorithm\AngleTest.cpp">
      <Filter>Source Files</Filter>
    </ClCompile>
    <ClCompile Include="algorithm\CGAlgorithms\computeOrientationTest.cpp">
      <Filter>Source Files</Filter>
    </ClCompile>
    <ClCompile Include="algorithm\CGAlgorithms\isCCWTest.cpp">
      <Filter>Source Files</Filter>
    </ClCompile>
    <ClCompile Include="algorithm\CGAlgorithms\isPointInRingTest.cpp">
      <Filter>Source Files</Filter>
    </ClCompile>
    <ClCompile Include="algorithm\CGAlgorithms\signedAreaTest.cpp">
      <Filter>Source Files</Filter>
    </ClCompile>
    <ClCompile Include="algorithm\ConvexHullTest.cpp">
      <Filter>Source Files</Filter>
    </ClCompile>
    <ClCompile Include="algorithm\distance\DiscreteHausdorffDistanceTest.cpp">
      <Filter>Source Files</Filter>
    </ClCompile>
    <ClCompile Include="algorithm\InteriorPointAreaTest.cpp">
      <Filter>Source Files</Filter>
    </ClCompile>
    <ClCompile Include="algorithm\PointLocatorTest.cpp">
      <Filter>Source Files</Filter>
    </ClCompile>
    <ClCompile Include="algorithm\RobustLineIntersectionTest.cpp">
      <Filter>Source Files</Filter>
    </ClCompile>
    <ClCompile Include="algorithm\RobustLineIntersectorTest.cpp">
      <Filter>Source Files</Filter>
    </ClCompile>
    <ClCompile Include="capi\GEOSBufferTest.cpp">
      <Filter>Source Files</Filter>
    </ClCompile>
    <ClCompile Include="capi\GEOSClipByRectTest.cpp">
      <Filter>Source Files</Filter>
    </ClCompile>
    <ClCompile Include="capi\GEOSContainsTest.cpp">
      <Filter>Source Files</Filter>
    </ClCompile>
    <ClCompile Include="capi\GEOSConvexHullTest.cpp">
      <Filter>Source Files</Filter>
    </ClCompile>
    <ClCompile Include="capi\GEOSCoordSeqTest.cpp">
      <Filter>Source Files</Filter>
    </ClCompile>
    <ClCompile Include="capi\GEOSDelaunayTriangulationTest.cpp">
      <Filter>Source Files</Filter>
    </ClCompile>
    <ClCompile Include="capi\GEOSDistanceTest.cpp">
      <Filter>Source Files</Filter>
    </ClCompile>
    <ClCompile Include="capi\GEOSGeomFromWKBTest.cpp">
      <Filter>Source Files</Filter>
    </ClCompile>
    <ClCompile Include="capi\GEOSGeomToWKTTest.cpp">
      <Filter>Source Files</Filter>
    </ClCompile>
    <ClCompile Include="capi\GEOSGeom_create.cpp">
      <Filter>Source Files</Filter>
    </ClCompile>
    <ClCompile Include="capi\GEOSGeom_extractUniquePointsTest.cpp">
      <Filter>Source Files</Filter>
    </ClCompile>
    <ClCompile Include="capi\GEOSGetCentroidTest.cpp">
      <Filter>Source Files</Filter>
    </ClCompile>
    <ClCompile Include="capi\GEOSInterruptTest.cpp">
      <Filter>Source Files</Filter>
    </ClCompile>
    <ClCompile Include="capi\GEOSIntersectionTest.cpp">
      <Filter>Source Files</Filter>
    </ClCompile>
    <ClCompile Include="capi\GEOSIntersectsTest.cpp">
      <Filter>Source Files</Filter>
    </ClCompile>
    <ClCompile Include="capi\GEOSisClosedTest.cpp">
      <Filter>Source Files</Filter>
    </ClCompile>
    <ClCompile Include="capi\GEOSisValidDetailTest.cpp">
      <Filter>Source Files</Filter>
    </ClCompile>
    <ClCompile Include="capi\GEOSLineString_PointTest.cpp">
      <Filter>Source Files</Filter>
    </ClCompile>
    <ClCompile Include="capi\GEOSNearestPointsTest.cpp">
      <Filter>Source Files</Filter>
    </ClCompile>
    <ClCompile Include="capi\GEOSNodeTest.cpp">
      <Filter>Source Files</Filter>
    </ClCompile>
    <ClCompile Include="capi\GEOSOffsetCurveTest.cpp">
      <Filter>Source Files</Filter>
    </ClCompile>
    <ClCompile Include="capi\GEOSOrientationIndex.cpp">
      <Filter>Source Files</Filter>
    </ClCompile>
    <ClCompile Include="capi\GEOSPointOnSurfaceTest.cpp">
      <Filter>Source Files</Filter>
    </ClCompile>
    <ClCompile Include="capi\GEOSPolygonizer_getCutEdgesTest.cpp">
      <Filter>Source Files</Filter>
    </ClCompile>
    <ClCompile Include="capi\GEOSPreparedGeometryTest.cpp">
      <Filter>Source Files</Filter>
    </ClCompile>
    <ClCompile Include="capi\GEOSRelateBoundaryNodeRuleTest.cpp">
      <Filter>Source Files</Filter>
    </ClCompile>
    <ClCompile Include="capi\GEOSRelatePatternMatchTest.cpp">
      <Filter>Source Files</Filter>
    </ClCompile>
    <ClCompile Include="capi\GEOSSharedPathsTest.cpp">
      <Filter>Source Files</Filter>
    </ClCompile>
    <ClCompile Include="capi\GEOSSimplifyTest.cpp">
      <Filter>Source Files</Filter>
    </ClCompile>
    <ClCompile Include="capi\GEOSSnapTest.cpp">
      <Filter>Source Files</Filter>
    </ClCompile>
    <ClCompile Include="capi\GEOSUnaryUnionTest.cpp">
      <Filter>Source Files</Filter>
    </ClCompile>
    <ClCompile Include="capi\GEOSVoronoiDiagramTest.cpp">
      <Filter>Source Files</Filter>
    </ClCompile>
    <ClCompile Include="capi\GEOSWithinTest.cpp">
      <Filter>Source Files</Filter>
    </ClCompile>
    <ClCompile Include="geom\CoordinateArraySequenceFactoryTest.cpp">
      <Filter>Source Files</Filter>
    </ClCompile>
    <ClCompile Include="geom\CoordinateArraySequenceTest.cpp">
      <Filter>Source Files</Filter>
    </ClCompile>
    <ClCompile Include="geom\CoordinateListTest.cpp">
      <Filter>Source Files</Filter>
    </ClCompile>
    <ClCompile Include="geom\CoordinateTest.cpp">
      <Filter>Source Files</Filter>
    </ClCompile>
    <ClCompile Include="geom\DimensionTest.cpp">
      <Filter>Source Files</Filter>
    </ClCompile>
    <ClCompile Include="geom\EnvelopeTest.cpp">
      <Filter>Source Files</Filter>
    </ClCompile>
    <ClCompile Include="geom\Geometry\clone.cpp">
      <Filter>Source Files</Filter>
    </ClCompile>
    <ClCompile Include="geom\Geometry\coversTest.cpp">
      <Filter>Source Files</Filter>
    </ClCompile>
    <ClCompile Include="geom\Geometry\equalsTest.cpp">
      <Filter>Source Files</Filter>
    </ClCompile>
    <ClCompile Include="geom\Geometry\isRectangleTest.cpp">
      <Filter>Source Files</Filter>
    </ClCompile>
    <ClCompile Include="geom\Geometry\normalize.cpp">
      <Filter>Source Files</Filter>
    </ClCompile>
    <ClCompile Include="geom\GeometryFactoryTest.cpp">
      <Filter>Source Files</Filter>
    </ClCompile>
    <ClCompile Include="geom\IntersectionMatrixTest.cpp">
      <Filter>Source Files</Filter>
    </ClCompile>
    <ClCompile Include="geom\LinearRingTest.cpp">
      <Filter>Source Files</Filter>
    </ClCompile>
    <ClCompile Include="geom\LineSegmentTest.cpp">
      <Filter>Source Files</Filter>
    </ClCompile>
    <ClCompile Include="geom\LineStringTest.cpp">
      <Filter>Source Files</Filter>
    </ClCompile>
    <ClCompile Include="geom\LocationTest.cpp">
      <Filter>Source Files</Filter>
    </ClCompile>
    <ClCompile Include="geom\MultiLineStringTest.cpp">
      <Filter>Source Files</Filter>
    </ClCompile>
    <ClCompile Include="geom\MultiPointTest.cpp">
      <Filter>Source Files</Filter>
    </ClCompile>
    <ClCompile Include="geom\MultiPolygonTest.cpp">
      <Filter>Source Files</Filter>
    </ClCompile>
    <ClCompile Include="geom\PointTest.cpp">
      <Filter>Source Files</Filter>
    </ClCompile>
    <ClCompile Include="geom\PolygonTest.cpp">
      <Filter>Source Files</Filter>
    </ClCompile>
    <ClCompile Include="geom\PrecisionModelTest.cpp">
      <Filter>Source Files</Filter>
    </ClCompile>
    <ClCompile Include="geom\prep\PreparedGeometryFactoryTest.cpp">
      <Filter>Source Files</Filter>
    </ClCompile>
    <ClCompile Include="geom\TriangleTest.cpp">
      <Filter>Source Files</Filter>
    </ClCompile>
    <ClCompile Include="geom\util\GeometryExtracterTest.cpp">
      <Filter>Source Files</Filter>
    </ClCompile>
    <ClCompile Include="geos_unit.cpp">
      <Filter>Source Files</Filter>
    </ClCompile>
    <ClCompile Include="index\quadtree\DoubleBitsTest.cpp">
      <Filter>Source Files</Filter>
    </ClCompile>
    <ClCompile Include="io\ByteOrderValuesTest.cpp">
      <Filter>Source Files</Filter>
    </ClCompile>
    <ClCompile Include="io\WKBReaderTest.cpp">
      <Filter>Source Files</Filter>
    </ClCompile>
    <ClCompile Include="io\WKBWriterTest.cpp">
      <Filter>Source Files</Filter>
    </ClCompile>
    <ClCompile Include="io\WKTReaderTest.cpp">
      <Filter>Source Files</Filter>
    </ClCompile>
    <ClCompile Include="io\WKTWriterTest.cpp">
      <Filter>Source Files</Filter>
    </ClCompile>
    <ClCompile Include="io\WriterTest.cpp">
      <Filter>Source Files</Filter>
    </ClCompile>
    <ClCompile Include="linearref\LengthIndexedLineTest.cpp">
      <Filter>Source Files</Filter>
    </ClCompile>
    <ClCompile Include="noding\BasicSegmentStringTest.cpp">
      <Filter>Source Files</Filter>
    </ClCompile>
    <ClCompile Include="noding\NodedSegmentStringTest.cpp">
      <Filter>Source Files</Filter>
    </ClCompile>
    <ClCompile Include="noding\OrientedCoordinateArray.cpp">
      <Filter>Source Files</Filter>
    </ClCompile>
    <ClCompile Include="noding\SegmentNodeTest.cpp">
      <Filter>Source Files</Filter>
    </ClCompile>
    <ClCompile Include="noding\SegmentPointComparatorTest.cpp">
      <Filter>Source Files</Filter>
    </ClCompile>
    <ClCompile Include="noding\snapround\HotPixelTest.cpp">
      <Filter>Source Files</Filter>
    </ClCompile>
    <ClCompile Include="noding\snapround\MCIndexSnapRounderTest.cpp">
      <Filter>Source Files</Filter>
    </ClCompile>
    <ClCompile Include="operation\buffer\BufferBuilderTest.cpp">
      <Filter>Source Files</Filter>
    </ClCompile>
    <ClCompile Include="operation\buffer\BufferOpTest.cpp">
      <Filter>Source Files</Filter>
    </ClCompile>
    <ClCompile Include="operation\buffer\BufferParametersTest.cpp">
      <Filter>Source Files</Filter>
    </ClCompile>
    <ClCompile Include="operation\distance\DistanceOpTest.cpp">
      <Filter>Source Files</Filter>
    </ClCompile>
    <ClCompile Include="operation\intersection\RectangleIntersectionTest.cpp">
      <Filter>Source Files</Filter>
    </ClCompile>
    <ClCompile Include="operation\IsSimpleOpTest.cpp">
      <Filter>Source Files</Filter>
    </ClCompile>
    <ClCompile Include="operation\linemerge\LineMergerTest.cpp">
      <Filter>Source Files</Filter>
    </ClCompile>
    <ClCompile Include="operation\linemerge\LineSequencerTest.cpp">
      <Filter>Source Files</Filter>
    </ClCompile>
    <ClCompile Include="operation\overlay\snap\GeometrySnapperTest.cpp">
      <Filter>Source Files</Filter>
    </ClCompile>
    <ClCompile Include="operation\overlay\snap\LineStringSnapperTest.cpp">
      <Filter>Source Files</Filter>
    </ClCompile>
    <ClCompile Include="operation\overlay\validate\FuzzyPointLocatorTest.cpp">
      <Filter>Source Files</Filter>
    </ClCompile>
    <ClCompile Include="operation\overlay\validate\OffsetPointGeneratorTest.cpp">
      <Filter>Source Files</Filter>
    </ClCompile>
    <ClCompile Include="operation\overlay\validate\OverlayResultValidatorTest.cpp">
      <Filter>Source Files</Filter>
    </ClCompile>
    <ClCompile Include="operation\polygonize\PolygonizeTest.cpp">
      <Filter>Source Files</Filter>
    </ClCompile>
    <ClCompile Include="operation\sharedpaths\SharedPathsOpTest.cpp">
      <Filter>Source Files</Filter>
    </ClCompile>
    <ClCompile Include="operation\union\CascadedPolygonUnionTest.cpp">
      <Filter>Source Files</Filter>
    </ClCompile>
    <ClCompile Include="operation\union\UnaryUnionOpTest.cpp">
      <Filter>Source Files</Filter>
    </ClCompile>
    <ClCompile Include="operation\valid\IsValidTest.cpp">
      <Filter>Source Files</Filter>
    </ClCompile>
    <ClCompile Include="operation\valid\ValidClosedRingTest.cpp">
      <Filter>Source Files</Filter>
    </ClCompile>
    <ClCompile Include="operation\valid\ValidSelfTouchingRingFormingHoleTest.cpp">
      <Filter>Source Files</Filter>
    </ClCompile>
    <ClCompile Include="precision\GeometryPrecisionReducerTest.cpp">
      <Filter>Source Files</Filter>
    </ClCompile>
    <ClCompile Include="precision\SimpleGeometryPrecisionReducerTest.cpp">
      <Filter>Source Files</Filter>
    </ClCompile>
    <ClCompile Include="simplify\DouglasPeuckerSimplifierTest.cpp">
      <Filter>Source Files</Filter>
    </ClCompile>
    <ClCompile Include="simplify\TopologyPreservingSimplifierTest.cpp">
      <Filter>Source Files</Filter>
    </ClCompile>
    <ClCompile Include="triangulate\DelaunayTest.cpp">
      <Filter>Source Files</Filter>
    </ClCompile>
    <ClCompile Include="triangulate\quadedge\QuadEdgeSubdivisionTest.cpp">
      <Filter>Source Files</Filter>
    </ClCompile>
    <ClCompile Include="triangulate\quadedge\QuadEdgeTest.cpp">
      <Filter>Source Files</Filter>
    </ClCompile>
    <ClCompile Include="triangulate\quadedge\VertexTest.cpp">
      <Filter>Source Files</Filter>
    </ClCompile>
    <ClCompile Include="triangulate\VoronoiTest.cpp">
      <Filter>Source Files</Filter>
    </ClCompile>
    <ClCompile Include="util\UniqueCoordinateArrayFilterTest.cpp">
      <Filter>Source Files</Filter>
    </ClCompile>
  </ItemGroup>
  <ItemGroup>
    <CustomBuild Include="CMakeLists.txt" />
  </ItemGroup>
  <ItemGroup>
    <Filter Include="Source Files">
      <UniqueIdentifier>{3E9BF657-C7F7-3A11-A55C-57CE912372C0}</UniqueIdentifier>
    </Filter>
  </ItemGroup>
</Project>
