<?xml version="1.0" encoding="UTF-8"?>
<Project ToolsVersion="4.0" xmlns="http://schemas.microsoft.com/developer/msbuild/2003">
  <ItemGroup>
    <ClCompile Include="AlphaFunc.cpp">
      <Filter>Source Files</Filter>
    </ClCompile>
    <ClCompile Include="AnimationPathCallback.cpp">
      <Filter>Source Files</Filter>
    </ClCompile>
    <ClCompile Include="AnimationPath.cpp">
      <Filter>Source Files</Filter>
    </ClCompile>
    <ClCompile Include="AnisotropicLighting.cpp">
      <Filter>Source Files</Filter>
    </ClCompile>
    <ClCompile Include="AutoTransform.cpp">
      <Filter>Source Files</Filter>
    </ClCompile>
    <ClCompile Include="AzimElevationSector.cpp">
      <Filter>Source Files</Filter>
    </ClCompile>
    <ClCompile Include="AzimSector.cpp">
      <Filter>Source Files</Filter>
    </ClCompile>
    <ClCompile Include="Billboard.cpp">
      <Filter>Source Files</Filter>
    </ClCompile>
    <ClCompile Include="BlendColor.cpp">
      <Filter>Source Files</Filter>
    </ClCompile>
    <ClCompile Include="BlendEquation.cpp">
      <Filter>Source Files</Filter>
    </ClCompile>
    <ClCompile Include="BlendFunc.cpp">
      <Filter>Source Files</Filter>
    </ClCompile>
    <ClCompile Include="BlinkSequence.cpp">
      <Filter>Source Files</Filter>
    </ClCompile>
    <ClCompile Include="BumpMapping.cpp">
      <Filter>Source Files</Filter>
    </ClCompile>
    <ClCompile Include="Camera.cpp">
      <Filter>Source Files</Filter>
    </ClCompile>
    <ClCompile Include="CameraView.cpp">
      <Filter>Source Files</Filter>
    </ClCompile>
    <ClCompile Include="Cartoon.cpp">
      <Filter>Source Files</Filter>
    </ClCompile>
    <ClCompile Include="ClipNode.cpp">
      <Filter>Source Files</Filter>
    </ClCompile>
    <ClCompile Include="ClipPlane.cpp">
      <Filter>Source Files</Filter>
    </ClCompile>
    <ClCompile Include="ClusterCullingCallback.cpp">
      <Filter>Source Files</Filter>
    </ClCompile>
    <ClCompile Include="ColorMask.cpp">
      <Filter>Source Files</Filter>
    </ClCompile>
    <ClCompile Include="CompositeLayer.cpp">
      <Filter>Source Files</Filter>
    </ClCompile>
    <ClCompile Include="ConeSector.cpp">
      <Filter>Source Files</Filter>
    </ClCompile>
    <ClCompile Include="ConvexPlanarOccluder.cpp">
      <Filter>Source Files</Filter>
    </ClCompile>
    <ClCompile Include="ConvexPlanarPolygon.cpp">
      <Filter>Source Files</Filter>
    </ClCompile>
    <ClCompile Include="CoordinateSystemNode.cpp">
      <Filter>Source Files</Filter>
    </ClCompile>
    <ClCompile Include="CullFace.cpp">
      <Filter>Source Files</Filter>
    </ClCompile>
    <ClCompile Include="DataInputStream.cpp">
      <Filter>Source Files</Filter>
    </ClCompile>
    <ClCompile Include="DataOutputStream.cpp">
      <Filter>Source Files</Filter>
    </ClCompile>
    <ClCompile Include="Depth.cpp">
      <Filter>Source Files</Filter>
    </ClCompile>
    <ClCompile Include="DirectionalSector.cpp">
      <Filter>Source Files</Filter>
    </ClCompile>
    <ClCompile Include="DOFTransform.cpp">
      <Filter>Source Files</Filter>
    </ClCompile>
    <ClCompile Include="Drawable.cpp">
      <Filter>Source Files</Filter>
    </ClCompile>
    <ClCompile Include="DrawArrayLengths.cpp">
      <Filter>Source Files</Filter>
    </ClCompile>
    <ClCompile Include="DrawArrays.cpp">
      <Filter>Source Files</Filter>
    </ClCompile>
    <ClCompile Include="DrawElementsUByte.cpp">
      <Filter>Source Files</Filter>
    </ClCompile>
    <ClCompile Include="DrawElementsUInt.cpp">
      <Filter>Source Files</Filter>
    </ClCompile>
    <ClCompile Include="DrawElementsUShort.cpp">
      <Filter>Source Files</Filter>
    </ClCompile>
    <ClCompile Include="Effect.cpp">
      <Filter>Source Files</Filter>
    </ClCompile>
    <ClCompile Include="ElevationSector.cpp">
      <Filter>Source Files</Filter>
    </ClCompile>
    <ClCompile Include="EllipsoidModel.cpp">
      <Filter>Source Files</Filter>
    </ClCompile>
    <ClCompile Include="Exception.cpp">
      <Filter>Source Files</Filter>
    </ClCompile>
    <ClCompile Include="FadeText.cpp">
      <Filter>Source Files</Filter>
    </ClCompile>
    <ClCompile Include="Fog.cpp">
      <Filter>Source Files</Filter>
    </ClCompile>
    <ClCompile Include="FragmentProgram.cpp">
      <Filter>Source Files</Filter>
    </ClCompile>
    <ClCompile Include="FrontFace.cpp">
      <Filter>Source Files</Filter>
    </ClCompile>
    <ClCompile Include="Geode.cpp">
      <Filter>Source Files</Filter>
    </ClCompile>
    <ClCompile Include="Geometry.cpp">
      <Filter>Source Files</Filter>
    </ClCompile>
    <ClCompile Include="Group.cpp">
      <Filter>Source Files</Filter>
    </ClCompile>
    <ClCompile Include="HeightFieldLayer.cpp">
      <Filter>Source Files</Filter>
    </ClCompile>
    <ClCompile Include="Image.cpp">
      <Filter>Source Files</Filter>
    </ClCompile>
    <ClCompile Include="ImageLayer.cpp">
      <Filter>Source Files</Filter>
    </ClCompile>
    <ClCompile Include="ImageSequence.cpp">
      <Filter>Source Files</Filter>
    </ClCompile>
    <ClCompile Include="Impostor.cpp">
      <Filter>Source Files</Filter>
    </ClCompile>
    <ClCompile Include="Layer.cpp">
      <Filter>Source Files</Filter>
    </ClCompile>
    <ClCompile Include="Light.cpp">
      <Filter>Source Files</Filter>
    </ClCompile>
    <ClCompile Include="LightModel.cpp">
      <Filter>Source Files</Filter>
    </ClCompile>
    <ClCompile Include="LightPoint.cpp">
      <Filter>Source Files</Filter>
    </ClCompile>
    <ClCompile Include="LightPointNode.cpp">
      <Filter>Source Files</Filter>
    </ClCompile>
    <ClCompile Include="LightSource.cpp">
      <Filter>Source Files</Filter>
    </ClCompile>
    <ClCompile Include="LineStipple.cpp">
      <Filter>Source Files</Filter>
    </ClCompile>
    <ClCompile Include="LineWidth.cpp">
      <Filter>Source Files</Filter>
    </ClCompile>
    <ClCompile Include="Locator.cpp">
      <Filter>Source Files</Filter>
    </ClCompile>
    <ClCompile Include="LOD.cpp">
      <Filter>Source Files</Filter>
    </ClCompile>
    <ClCompile Include="Material.cpp">
      <Filter>Source Files</Filter>
    </ClCompile>
    <ClCompile Include="MatrixTransform.cpp">
      <Filter>Source Files</Filter>
    </ClCompile>
    <ClCompile Include="Multisample.cpp">
      <Filter>Source Files</Filter>
    </ClCompile>
    <ClCompile Include="MultiSwitch.cpp">
      <Filter>Source Files</Filter>
    </ClCompile>
    <ClCompile Include="MultiTextureControl.cpp">
      <Filter>Source Files</Filter>
    </ClCompile>
    <ClCompile Include="Node.cpp">
      <Filter>Source Files</Filter>
    </ClCompile>
    <ClCompile Include="Object.cpp">
      <Filter>Source Files</Filter>
    </ClCompile>
    <ClCompile Include="OccluderNode.cpp">
      <Filter>Source Files</Filter>
    </ClCompile>
    <ClCompile Include="OcclusionQueryNode.cpp">
      <Filter>Source Files</Filter>
    </ClCompile>
    <ClCompile Include="PagedLOD.cpp">
      <Filter>Source Files</Filter>
    </ClCompile>
    <ClCompile Include="Point.cpp">
      <Filter>Source Files</Filter>
    </ClCompile>
    <ClCompile Include="PointSprite.cpp">
      <Filter>Source Files</Filter>
    </ClCompile>
    <ClCompile Include="PolygonMode.cpp">
      <Filter>Source Files</Filter>
    </ClCompile>
    <ClCompile Include="PolygonOffset.cpp">
      <Filter>Source Files</Filter>
    </ClCompile>
    <ClCompile Include="PolygonStipple.cpp">
      <Filter>Source Files</Filter>
    </ClCompile>
    <ClCompile Include="PositionAttitudeTransform.cpp">
      <Filter>Source Files</Filter>
    </ClCompile>
    <ClCompile Include="PrimitiveSet.cpp">
      <Filter>Source Files</Filter>
    </ClCompile>
    <ClCompile Include="Program.cpp">
      <Filter>Source Files</Filter>
    </ClCompile>
    <ClCompile Include="ProxyNode.cpp">
      <Filter>Source Files</Filter>
    </ClCompile>
    <ClCompile Include="ReaderWriterIVE.cpp">
      <Filter>Source Files</Filter>
    </ClCompile>
    <ClCompile Include="Scissor.cpp">
      <Filter>Source Files</Filter>
    </ClCompile>
    <ClCompile Include="Scribe.cpp">
      <Filter>Source Files</Filter>
    </ClCompile>
    <ClCompile Include="Sequence.cpp">
      <Filter>Source Files</Filter>
    </ClCompile>
    <ClCompile Include="ShadeModel.cpp">
      <Filter>Source Files</Filter>
    </ClCompile>
    <ClCompile Include="Shader.cpp">
      <Filter>Source Files</Filter>
    </ClCompile>
    <ClCompile Include="ShapeAttributeList.cpp">
      <Filter>Source Files</Filter>
    </ClCompile>
    <ClCompile Include="Shape.cpp">
      <Filter>Source Files</Filter>
    </ClCompile>
    <ClCompile Include="ShapeDrawable.cpp">
      <Filter>Source Files</Filter>
    </ClCompile>
    <ClCompile Include="SpecularHighlights.cpp">
      <Filter>Source Files</Filter>
    </ClCompile>
    <ClCompile Include="StateSet.cpp">
      <Filter>Source Files</Filter>
    </ClCompile>
    <ClCompile Include="Stencil.cpp">
      <Filter>Source Files</Filter>
    </ClCompile>
    <ClCompile Include="StencilTwoSided.cpp">
      <Filter>Source Files</Filter>
    </ClCompile>
    <ClCompile Include="Switch.cpp">
      <Filter>Source Files</Filter>
    </ClCompile>
    <ClCompile Include="SwitchLayer.cpp">
      <Filter>Source Files</Filter>
    </ClCompile>
    <ClCompile Include="Terrain.cpp">
      <Filter>Source Files</Filter>
    </ClCompile>
    <ClCompile Include="TerrainTile.cpp">
      <Filter>Source Files</Filter>
    </ClCompile>
    <ClCompile Include="TexEnvCombine.cpp">
      <Filter>Source Files</Filter>
    </ClCompile>
    <ClCompile Include="TexEnv.cpp">
      <Filter>Source Files</Filter>
    </ClCompile>
    <ClCompile Include="TexGen.cpp">
      <Filter>Source Files</Filter>
    </ClCompile>
    <ClCompile Include="TexGenNode.cpp">
      <Filter>Source Files</Filter>
    </ClCompile>
    <ClCompile Include="TexMat.cpp">
      <Filter>Source Files</Filter>
    </ClCompile>
    <ClCompile Include="Text3D.cpp">
      <Filter>Source Files</Filter>
    </ClCompile>
    <ClCompile Include="Text.cpp">
      <Filter>Source Files</Filter>
    </ClCompile>
    <ClCompile Include="Texture1D.cpp">
      <Filter>Source Files</Filter>
    </ClCompile>
    <ClCompile Include="Texture2D.cpp">
      <Filter>Source Files</Filter>
    </ClCompile>
    <ClCompile Include="Texture2DArray.cpp">
      <Filter>Source Files</Filter>
    </ClCompile>
    <ClCompile Include="Texture3D.cpp">
      <Filter>Source Files</Filter>
    </ClCompile>
    <ClCompile Include="Texture.cpp">
      <Filter>Source Files</Filter>
    </ClCompile>
    <ClCompile Include="TextureCubeMap.cpp">
      <Filter>Source Files</Filter>
    </ClCompile>
    <ClCompile Include="TextureRectangle.cpp">
      <Filter>Source Files</Filter>
    </ClCompile>
    <ClCompile Include="Transform.cpp">
      <Filter>Source Files</Filter>
    </ClCompile>
    <ClCompile Include="Uniform.cpp">
      <Filter>Source Files</Filter>
    </ClCompile>
    <ClCompile Include="VertexProgram.cpp">
      <Filter>Source Files</Filter>
    </ClCompile>
    <ClCompile Include="Viewport.cpp">
      <Filter>Source Files</Filter>
    </ClCompile>
    <ClCompile Include="VisibilityGroup.cpp">
      <Filter>Source Files</Filter>
    </ClCompile>
    <ClCompile Include="VolumeCompositeLayer.cpp">
      <Filter>Source Files</Filter>
    </ClCompile>
    <ClCompile Include="VolumeCompositeProperty.cpp">
      <Filter>Source Files</Filter>
    </ClCompile>
    <ClCompile Include="VolumeSwitchProperty.cpp">
      <Filter>Source Files</Filter>
    </ClCompile>
    <ClCompile Include="VolumeScalarProperty.cpp">
      <Filter>Source Files</Filter>
    </ClCompile>
    <ClCompile Include="VolumeTransferFunctionProperty.cpp">
      <Filter>Source Files</Filter>
    </ClCompile>
    <ClCompile Include="VolumePropertyAdjustmentCallback.cpp">
      <Filter>Source Files</Filter>
    </ClCompile>
    <ClCompile Include="Volume.cpp">
      <Filter>Source Files</Filter>
    </ClCompile>
    <ClCompile Include="VolumeImageLayer.cpp">
      <Filter>Source Files</Filter>
    </ClCompile>
    <ClCompile Include="VolumeLayer.cpp">
      <Filter>Source Files</Filter>
    </ClCompile>
    <ClCompile Include="VolumeLocator.cpp">
      <Filter>Source Files</Filter>
    </ClCompile>
    <ClCompile Include="VolumeTile.cpp">
      <Filter>Source Files</Filter>
    </ClCompile>
  </ItemGroup>
  <ItemGroup>
    <ClInclude Include="AlphaFunc.h">
      <Filter>Header Files</Filter>
    </ClInclude>
    <ClInclude Include="AnimationPathCallback.h">
      <Filter>Header Files</Filter>
    </ClInclude>
    <ClInclude Include="AnimationPath.h">
      <Filter>Header Files</Filter>
    </ClInclude>
    <ClInclude Include="AnisotropicLighting.h">
      <Filter>Header Files</Filter>
    </ClInclude>
    <ClInclude Include="AutoTransform.h">
      <Filter>Header Files</Filter>
    </ClInclude>
    <ClInclude Include="AzimElevationSector.h">
      <Filter>Header Files</Filter>
    </ClInclude>
    <ClInclude Include="AzimSector.h">
      <Filter>Header Files</Filter>
    </ClInclude>
    <ClInclude Include="Billboard.h">
      <Filter>Header Files</Filter>
    </ClInclude>
    <ClInclude Include="BlendColor.h">
      <Filter>Header Files</Filter>
    </ClInclude>
    <ClInclude Include="BlendFunc.h">
      <Filter>Header Files</Filter>
    </ClInclude>
    <ClInclude Include="BlinkSequence.h">
      <Filter>Header Files</Filter>
    </ClInclude>
    <ClInclude Include="BumpMapping.h">
      <Filter>Header Files</Filter>
    </ClInclude>
    <ClInclude Include="Camera.h">
      <Filter>Header Files</Filter>
    </ClInclude>
    <ClInclude Include="CameraView.h">
      <Filter>Header Files</Filter>
    </ClInclude>
    <ClInclude Include="Cartoon.h">
      <Filter>Header Files</Filter>
    </ClInclude>
    <ClInclude Include="ClipNode.h">
      <Filter>Header Files</Filter>
    </ClInclude>
    <ClInclude Include="ClipPlane.h">
      <Filter>Header Files</Filter>
    </ClInclude>
    <ClInclude Include="ClusterCullingCallback.h">
      <Filter>Header Files</Filter>
    </ClInclude>
    <ClInclude Include="ColorMask.h">
      <Filter>Header Files</Filter>
    </ClInclude>
    <ClInclude Include="CompositeLayer.h">
      <Filter>Header Files</Filter>
    </ClInclude>
    <ClInclude Include="ConeSector.h">
      <Filter>Header Files</Filter>
    </ClInclude>
    <ClInclude Include="ConvexPlanarOccluder.h">
      <Filter>Header Files</Filter>
    </ClInclude>
    <ClInclude Include="ConvexPlanarPolygon.h">
      <Filter>Header Files</Filter>
    </ClInclude>
    <ClInclude Include="CoordinateSystemNode.h">
      <Filter>Header Files</Filter>
    </ClInclude>
    <ClInclude Include="CullFace.h">
      <Filter>Header Files</Filter>
    </ClInclude>
    <ClInclude Include="DataInputStream.h">
      <Filter>Header Files</Filter>
    </ClInclude>
    <ClInclude Include="DataOutputStream.h">
      <Filter>Header Files</Filter>
    </ClInclude>
    <ClInclude Include="DataTypeSize.h">
      <Filter>Header Files</Filter>
    </ClInclude>
    <ClInclude Include="Depth.h">
      <Filter>Header Files</Filter>
    </ClInclude>
    <ClInclude Include="DirectionalSector.h">
      <Filter>Header Files</Filter>
    </ClInclude>
    <ClInclude Include="DOFTransform.h">
      <Filter>Header Files</Filter>
    </ClInclude>
    <ClInclude Include="Drawable.h">
      <Filter>Header Files</Filter>
    </ClInclude>
    <ClInclude Include="DrawArrayLengths.h">
      <Filter>Header Files</Filter>
    </ClInclude>
    <ClInclude Include="DrawArrays.h">
      <Filter>Header Files</Filter>
    </ClInclude>
    <ClInclude Include="DrawElementsUByte.h">
      <Filter>Header Files</Filter>
    </ClInclude>
    <ClInclude Include="DrawElementsUInt.h">
      <Filter>Header Files</Filter>
    </ClInclude>
    <ClInclude Include="DrawElementsUShort.h">
      <Filter>Header Files</Filter>
    </ClInclude>
    <ClInclude Include="Effect.h">
      <Filter>Header Files</Filter>
    </ClInclude>
    <ClInclude Include="ElevationSector.h">
      <Filter>Header Files</Filter>
    </ClInclude>
    <ClInclude Include="EllipsoidModel.h">
      <Filter>Header Files</Filter>
    </ClInclude>
    <ClInclude Include="Exception.h">
      <Filter>Header Files</Filter>
    </ClInclude>
    <ClInclude Include="FadeText.h">
      <Filter>Header Files</Filter>
    </ClInclude>
    <ClInclude Include="Fog.h">
      <Filter>Header Files</Filter>
    </ClInclude>
    <ClInclude Include="FragmentProgram.h">
      <Filter>Header Files</Filter>
    </ClInclude>
    <ClInclude Include="FrontFace.h">
      <Filter>Header Files</Filter>
    </ClInclude>
    <ClInclude Include="Geode.h">
      <Filter>Header Files</Filter>
    </ClInclude>
    <ClInclude Include="Geometry.h">
      <Filter>Header Files</Filter>
    </ClInclude>
    <ClInclude Include="Group.h">
      <Filter>Header Files</Filter>
    </ClInclude>
    <ClInclude Include="HeightFieldLayer.h">
      <Filter>Header Files</Filter>
    </ClInclude>
    <ClInclude Include="Image.h">
      <Filter>Header Files</Filter>
    </ClInclude>
    <ClInclude Include="ImageLayer.h">
      <Filter>Header Files</Filter>
    </ClInclude>
    <ClInclude Include="ImageSequence.h">
      <Filter>Header Files</Filter>
    </ClInclude>
    <ClInclude Include="Impostor.h">
      <Filter>Header Files</Filter>
    </ClInclude>
    <ClInclude Include="IveVersion.h">
      <Filter>Header Files</Filter>
    </ClInclude>
    <ClInclude Include="Layer.h">
      <Filter>Header Files</Filter>
    </ClInclude>
    <ClInclude Include="Light.h">
      <Filter>Header Files</Filter>
    </ClInclude>
    <ClInclude Include="LightModel.h">
      <Filter>Header Files</Filter>
    </ClInclude>
    <ClInclude Include="LightPoint.h">
      <Filter>Header Files</Filter>
    </ClInclude>
    <ClInclude Include="LightPointNode.h">
      <Filter>Header Files</Filter>
    </ClInclude>
    <ClInclude Include="LightSource.h">
      <Filter>Header Files</Filter>
    </ClInclude>
    <ClInclude Include="LineStipple.h">
      <Filter>Header Files</Filter>
    </ClInclude>
    <ClInclude Include="LineWidth.h">
      <Filter>Header Files</Filter>
    </ClInclude>
    <ClInclude Include="Locator.h">
      <Filter>Header Files</Filter>
    </ClInclude>
    <ClInclude Include="LOD.h">
      <Filter>Header Files</Filter>
    </ClInclude>
    <ClInclude Include="Material.h">
      <Filter>Header Files</Filter>
    </ClInclude>
    <ClInclude Include="MatrixTransform.h">
      <Filter>Header Files</Filter>
    </ClInclude>
    <ClInclude Include="MultiSwitch.h">
      <Filter>Header Files</Filter>
    </ClInclude>
    <ClInclude Include="MultiTextureControl.h">
      <Filter>Header Files</Filter>
    </ClInclude>
    <ClInclude Include="Node.h">
      <Filter>Header Files</Filter>
    </ClInclude>
    <ClInclude Include="Object.h">
      <Filter>Header Files</Filter>
    </ClInclude>
    <ClInclude Include="OccluderNode.h">
      <Filter>Header Files</Filter>
    </ClInclude>
    <ClInclude Include="OcclusionQueryNode.h">
      <Filter>Header Files</Filter>
    </ClInclude>
    <ClInclude Include="PagedLOD.h">
      <Filter>Header Files</Filter>
    </ClInclude>
    <ClInclude Include="Point.h">
      <Filter>Header Files</Filter>
    </ClInclude>
    <ClInclude Include="PointSprite.h">
      <Filter>Header Files</Filter>
    </ClInclude>
    <ClInclude Include="PolygonMode.h">
      <Filter>Header Files</Filter>
    </ClInclude>
    <ClInclude Include="PolygonOffset.h">
      <Filter>Header Files</Filter>
    </ClInclude>
    <ClInclude Include="PolygonStipple.h">
      <Filter>Header Files</Filter>
    </ClInclude>
    <ClInclude Include="PositionAttitudeTransform.h">
      <Filter>Header Files</Filter>
    </ClInclude>
    <ClInclude Include="PrimitiveSet.h">
      <Filter>Header Files</Filter>
    </ClInclude>
    <ClInclude Include="Program.h">
      <Filter>Header Files</Filter>
    </ClInclude>
    <ClInclude Include="ProxyNode.h">
      <Filter>Header Files</Filter>
    </ClInclude>
    <ClInclude Include="ReadWrite.h">
      <Filter>Header Files</Filter>
    </ClInclude>
    <ClInclude Include="Scissor.h">
      <Filter>Header Files</Filter>
    </ClInclude>
    <ClInclude Include="Scribe.h">
      <Filter>Header Files</Filter>
    </ClInclude>
    <ClInclude Include="Sequence.h">
      <Filter>Header Files</Filter>
    </ClInclude>
    <ClInclude Include="ShadeModel.h">
      <Filter>Header Files</Filter>
    </ClInclude>
    <ClInclude Include="Shader.h">
      <Filter>Header Files</Filter>
    </ClInclude>
    <ClInclude Include="ShapeAttributeList.h">
      <Filter>Header Files</Filter>
    </ClInclude>
    <ClInclude Include="ShapeDrawable.h">
      <Filter>Header Files</Filter>
    </ClInclude>
    <ClInclude Include="Shape.h">
      <Filter>Header Files</Filter>
    </ClInclude>
    <ClInclude Include="SpecularHighlights.h">
      <Filter>Header Files</Filter>
    </ClInclude>
    <ClInclude Include="StateSet.h">
      <Filter>Header Files</Filter>
    </ClInclude>
    <ClInclude Include="Stencil.h">
      <Filter>Header Files</Filter>
    </ClInclude>
    <ClInclude Include="StencilTwoSided.h">
      <Filter>Header Files</Filter>
    </ClInclude>
    <ClInclude Include="Switch.h">
      <Filter>Header Files</Filter>
    </ClInclude>
    <ClInclude Include="SwitchLayer.h">
      <Filter>Header Files</Filter>
    </ClInclude>
    <ClInclude Include="Terrain.h">
      <Filter>Header Files</Filter>
    </ClInclude>
    <ClInclude Include="TerrainTile.h">
      <Filter>Header Files</Filter>
    </ClInclude>
    <ClInclude Include="TexEnvCombine.h">
      <Filter>Header Files</Filter>
    </ClInclude>
    <ClInclude Include="TexEnv.h">
      <Filter>Header Files</Filter>
    </ClInclude>
    <ClInclude Include="TexGen.h">
      <Filter>Header Files</Filter>
    </ClInclude>
    <ClInclude Include="TexGenNode.h">
      <Filter>Header Files</Filter>
    </ClInclude>
    <ClInclude Include="TexMat.h">
      <Filter>Header Files</Filter>
    </ClInclude>
    <ClInclude Include="Text3D.h">
      <Filter>Header Files</Filter>
    </ClInclude>
    <ClInclude Include="Text.h">
      <Filter>Header Files</Filter>
    </ClInclude>
    <ClInclude Include="Texture1D.h">
      <Filter>Header Files</Filter>
    </ClInclude>
    <ClInclude Include="Texture2D.h">
      <Filter>Header Files</Filter>
    </ClInclude>
    <ClInclude Include="Texture2DArray.h">
      <Filter>Header Files</Filter>
    </ClInclude>
    <ClInclude Include="Texture3D.h">
      <Filter>Header Files</Filter>
    </ClInclude>
    <ClInclude Include="TextureCubeMap.h">
      <Filter>Header Files</Filter>
    </ClInclude>
    <ClInclude Include="Texture.h">
      <Filter>Header Files</Filter>
    </ClInclude>
    <ClInclude Include="TextureRectangle.h">
      <Filter>Header Files</Filter>
    </ClInclude>
    <ClInclude Include="Transform.h">
      <Filter>Header Files</Filter>
    </ClInclude>
    <ClInclude Include="Uniform.h">
      <Filter>Header Files</Filter>
    </ClInclude>
    <ClInclude Include="VertexProgram.h">
      <Filter>Header Files</Filter>
    </ClInclude>
    <ClInclude Include="Viewport.h">
      <Filter>Header Files</Filter>
    </ClInclude>
    <ClInclude Include="VisibilityGroup.h">
      <Filter>Header Files</Filter>
    </ClInclude>
    <ClInclude Include="VolumeCompositeLayer.h">
      <Filter>Header Files</Filter>
    </ClInclude>
    <ClInclude Include="VolumeCompositeProperty.h">
      <Filter>Header Files</Filter>
    </ClInclude>
    <ClInclude Include="VolumeSwitchProperty.h">
      <Filter>Header Files</Filter>
    </ClInclude>
    <ClInclude Include="VolumeScalarProperty.h">
      <Filter>Header Files</Filter>
    </ClInclude>
    <ClInclude Include="VolumeTransferFunctionProperty.h">
      <Filter>Header Files</Filter>
    </ClInclude>
    <ClInclude Include="VolumePropertyAdjustmentCallback.h">
      <Filter>Header Files</Filter>
    </ClInclude>
    <ClInclude Include="Volume.h">
      <Filter>Header Files</Filter>
    </ClInclude>
    <ClInclude Include="VolumeImageLayer.h">
      <Filter>Header Files</Filter>
    </ClInclude>
    <ClInclude Include="VolumeLayer.h">
      <Filter>Header Files</Filter>
    </ClInclude>
    <ClInclude Include="VolumeLocator.h">
      <Filter>Header Files</Filter>
    </ClInclude>
    <ClInclude Include="VolumeTile.h">
      <Filter>Header Files</Filter>
    </ClInclude>
  </ItemGroup>
  <ItemGroup>
    <CustomBuild Include="CMakeLists.txt" />
  </ItemGroup>
  <ItemGroup>
    <ResourceCompile Include="..\..\..\PlatformSpecifics\Windows\OpenSceneGraphVersionInfo.rc">
      <Filter>Source Files</Filter>
    </ResourceCompile>
  </ItemGroup>
  <ItemGroup>
    <Filter Include="Source Files">
      <UniqueIdentifier>{9DA6F235-65BB-369A-9644-DFFF842D4DE2}</UniqueIdentifier>
    </Filter>
    <Filter Include="Header Files">
      <UniqueIdentifier>{7C5A8E3A-D65C-3A16-B312-F83264D66A2B}</UniqueIdentifier>
    </Filter>
  </ItemGroup>
</Project>
