<?xml version="1.0" encoding="UTF-8"?>
<Project ToolsVersion="4.0" xmlns="http://schemas.microsoft.com/developer/msbuild/2003">
  <ItemGroup>
    <ClCompile Include="WIN32Condition.cpp">
      <Filter>Source Files</Filter>
    </ClCompile>
    <ClCompile Include="Win32Mutex.cpp">
      <Filter>Source Files</Filter>
    </ClCompile>
    <ClCompile Include="Win32Thread.cpp">
      <Filter>Source Files</Filter>
    </ClCompile>
    <ClCompile Include="Win32ThreadBarrier.cpp">
      <Filter>Source Files</Filter>
    </ClCompile>
    <ClCompile Include="..\common\Version.cpp">
      <Filter>Source Files</Filter>
    </ClCompile>
    <ClCompile Include="..\common\Atomic.cpp">
      <Filter>Source Files</Filter>
    </ClCompile>
  </ItemGroup>
  <ItemGroup>
    <ClInclude Include="..\..\..\include\OpenThreads\Atomic">
      <Filter>Header Files</Filter>
    </ClInclude>
    <ClInclude Include="..\..\..\include\OpenThreads\Barrier">
      <Filter>Header Files</Filter>
    </ClInclude>
    <ClInclude Include="..\..\..\include\OpenThreads\Block">
      <Filter>Header Files</Filter>
    </ClInclude>
    <ClInclude Include="..\..\..\include\OpenThreads\Condition">
      <Filter>Header Files</Filter>
    </ClInclude>
    <ClInclude Include="..\..\..\include\OpenThreads\Exports">
      <Filter>Header Files</Filter>
    </ClInclude>
    <ClInclude Include="..\..\..\include\OpenThreads\Mutex">
      <Filter>Header Files</Filter>
    </ClInclude>
    <ClInclude Include="..\..\..\include\OpenThreads\ReadWriteMutex">
      <Filter>Header Files</Filter>
    </ClInclude>
    <ClInclude Include="..\..\..\include\OpenThreads\ReentrantMutex">
      <Filter>Header Files</Filter>
    </ClInclude>
    <ClInclude Include="..\..\..\include\OpenThreads\ScopedLock">
      <Filter>Header Files</Filter>
    </ClInclude>
    <ClInclude Include="..\..\..\include\OpenThreads\Thread">
      <Filter>Header Files</Filter>
    </ClInclude>
    <ClInclude Include="..\..\..\include\OpenThreads\Version">
      <Filter>Header Files</Filter>
    </ClInclude>
    <ClInclude Include="..\..\..\include\OpenThreads\Config">
      <Filter>Header Files</Filter>
    </ClInclude>
    <ClInclude Include="HandleHolder.h">
      <Filter>Header Files</Filter>
    </ClInclude>
    <ClInclude Include="Win32BarrierPrivateData.h">
      <Filter>Header Files</Filter>
    </ClInclude>
    <ClInclude Include="Win32ConditionPrivateData.h">
      <Filter>Header Files</Filter>
    </ClInclude>
    <ClInclude Include="Win32MutexPrivateData.h">
      <Filter>Header Files</Filter>
    </ClInclude>
    <ClInclude Include="Win32ThreadPrivateData.h">
      <Filter>Header Files</Filter>
    </ClInclude>
  </ItemGroup>
  <ItemGroup>
    <CustomBuild Include="CMakeLists.txt" />
  </ItemGroup>
  <ItemGroup>
    <ResourceCompile Include="..\..\..\PlatformSpecifics\Windows\OpenThreadsVersionInfo.rc">
      <Filter>Source Files</Filter>
    </ResourceCompile>
  </ItemGroup>
  <ItemGroup>
    <Filter Include="Source Files">
      <UniqueIdentifier>{9DA6F235-65BB-369A-9644-DFFF842D4DE2}</UniqueIdentifier>
    </Filter>
    <Filter Include="Header Files">
      <UniqueIdentifier>{7C5A8E3A-D65C-3A16-B312-F83264D66A2B}</UniqueIdentifier>
    </Filter>
  </ItemGroup>
</Project>
