<?xml version="1.0" encoding="UTF-8"?>
<Project ToolsVersion="4.0" xmlns="http://schemas.microsoft.com/developer/msbuild/2003">
  <ItemGroup>
    <ClCompile Include="IO_AccelOperator.cpp">
      <Filter>Source Files</Filter>
    </ClCompile>
    <ClCompile Include="IO_AngularAccelOperator.cpp">
      <Filter>Source Files</Filter>
    </ClCompile>
    <ClCompile Include="IO_AngularDampingOperator.cpp">
      <Filter>Source Files</Filter>
    </ClCompile>
    <ClCompile Include="IO_BounceOperator.cpp">
      <Filter>Source Files</Filter>
    </ClCompile>
    <ClCompile Include="IO_BoxPlacer.cpp">
      <Filter>Source Files</Filter>
    </ClCompile>
    <ClCompile Include="IO_CenteredPlacer.cpp">
      <Filter>Source Files</Filter>
    </ClCompile>
    <ClCompile Include="IO_ConnectedParticleSystem.cpp">
      <Filter>Source Files</Filter>
    </ClCompile>
    <ClCompile Include="IO_ConstantRateCounter.cpp">
      <Filter>Source Files</Filter>
    </ClCompile>
    <ClCompile Include="IO_DampingOperator.cpp">
      <Filter>Source Files</Filter>
    </ClCompile>
    <ClCompile Include="IO_DomainOperator.cpp">
      <Filter>Source Files</Filter>
    </ClCompile>
    <ClCompile Include="IO_Emitter.cpp">
      <Filter>Source Files</Filter>
    </ClCompile>
    <ClCompile Include="IO_ExplosionDebrisEffect.cpp">
      <Filter>Source Files</Filter>
    </ClCompile>
    <ClCompile Include="IO_ExplosionEffect.cpp">
      <Filter>Source Files</Filter>
    </ClCompile>
    <ClCompile Include="IO_ExplosionOperator.cpp">
      <Filter>Source Files</Filter>
    </ClCompile>
    <ClCompile Include="IO_FireEffect.cpp">
      <Filter>Source Files</Filter>
    </ClCompile>
    <ClCompile Include="IO_FluidFrictionOperator.cpp">
      <Filter>Source Files</Filter>
    </ClCompile>
    <ClCompile Include="IO_FluidProgram.cpp">
      <Filter>Source Files</Filter>
    </ClCompile>
    <ClCompile Include="IO_ForceOperator.cpp">
      <Filter>Source Files</Filter>
    </ClCompile>
    <ClCompile Include="IO_LinearInterpolator.cpp">
      <Filter>Source Files</Filter>
    </ClCompile>
    <ClCompile Include="IO_ModularEmitter.cpp">
      <Filter>Source Files</Filter>
    </ClCompile>
    <ClCompile Include="IO_ModularProgram.cpp">
      <Filter>Source Files</Filter>
    </ClCompile>
    <ClCompile Include="IO_MultiSegmentPlacer.cpp">
      <Filter>Source Files</Filter>
    </ClCompile>
    <ClCompile Include="IO_OrbitOperator.cpp">
      <Filter>Source Files</Filter>
    </ClCompile>
    <ClCompile Include="IO_Particle.cpp">
      <Filter>Source Files</Filter>
    </ClCompile>
    <ClCompile Include="IO_ParticleEffect.cpp">
      <Filter>Source Files</Filter>
    </ClCompile>
    <ClCompile Include="IO_ParticleProcessor.cpp">
      <Filter>Source Files</Filter>
    </ClCompile>
    <ClCompile Include="IO_ParticleSystem.cpp">
      <Filter>Source Files</Filter>
    </ClCompile>
    <ClCompile Include="IO_ParticleSystemUpdater.cpp">
      <Filter>Source Files</Filter>
    </ClCompile>
    <ClCompile Include="IO_PointPlacer.cpp">
      <Filter>Source Files</Filter>
    </ClCompile>
    <ClCompile Include="IO_Program.cpp">
      <Filter>Source Files</Filter>
    </ClCompile>
    <ClCompile Include="IO_RadialShooter.cpp">
      <Filter>Source Files</Filter>
    </ClCompile>
    <ClCompile Include="IO_RandomRateCounter.cpp">
      <Filter>Source Files</Filter>
    </ClCompile>
    <ClCompile Include="IO_SectorPlacer.cpp">
      <Filter>Source Files</Filter>
    </ClCompile>
    <ClCompile Include="IO_SegmentPlacer.cpp">
      <Filter>Source Files</Filter>
    </ClCompile>
    <ClCompile Include="IO_SinkOperator.cpp">
      <Filter>Source Files</Filter>
    </ClCompile>
    <ClCompile Include="IO_SmokeEffect.cpp">
      <Filter>Source Files</Filter>
    </ClCompile>
    <ClCompile Include="IO_SmokeTrailEffect.cpp">
      <Filter>Source Files</Filter>
    </ClCompile>
    <ClCompile Include="IO_VariableRateCounter.cpp">
      <Filter>Source Files</Filter>
    </ClCompile>
    <ClCompile Include="LibraryWrapper.cpp">
      <Filter>Source Files</Filter>
    </ClCompile>
  </ItemGroup>
  <ItemGroup>
    <CustomBuild Include="CMakeLists.txt" />
  </ItemGroup>
  <ItemGroup>
    <ResourceCompile Include="..\..\..\..\PlatformSpecifics\Windows\OpenSceneGraphVersionInfo.rc">
      <Filter>Source Files</Filter>
    </ResourceCompile>
  </ItemGroup>
  <ItemGroup>
    <Filter Include="Source Files">
      <UniqueIdentifier>{9DA6F235-65BB-369A-9644-DFFF842D4DE2}</UniqueIdentifier>
    </Filter>
  </ItemGroup>
</Project>
