Microsoft Visual Studio Solution File, Format Version 11.00
# Visual Studio 2010
Project("{8BC9CEB8-8B4A-11D0-8D11-00A0C91BC942}") = "ALL_BUILD", "ALL_BUILD.vcxproj", "{A813A2D9-D288-3B3B-9367-449502176716}"
	ProjectSection(ProjectDependencies) = postProject
		{B2B5258B-74CD-3479-A576-892A25B44780} = {B2B5258B-74CD-3479-A576-892A25B44780}
		{B8B14953-D615-3E66-863E-CFDE5D5E89DC} = {B8B14953-D615-3E66-863E-CFDE5D5E89DC}
		{16FEE249-726E-301A-A88B-9CD167C0146B} = {16FEE249-726E-301A-A88B-9CD167C0146B}
		{1F602F4D-D0B8-3ADB-89BF-A06A7557FE6D} = {1F602F4D-D0B8-3ADB-89BF-A06A7557FE6D}
		{2604F1E0-FBB4-3CA5-80F7-2432EDB26AE4} = {2604F1E0-FBB4-3CA5-80F7-2432EDB26AE4}
		{0BE81167-3FC7-3D8B-AEED-831BC26439D7} = {0BE81167-3FC7-3D8B-AEED-831BC26439D7}
		{CAF9BDE7-87E0-36A4-B62F-31141CD9D60B} = {CAF9BDE7-87E0-36A4-B62F-31141CD9D60B}
		{6CF61815-F544-3A19-B4B5-EAC7361816B8} = {6CF61815-F544-3A19-B4B5-EAC7361816B8}
		{5EB8CC5F-D9AD-3FC7-B41E-2079B8D3434D} = {5EB8CC5F-D9AD-3FC7-B41E-2079B8D3434D}
	EndProjectSection
EndProject
Project("{8BC9CEB8-8B4A-11D0-8D11-00A0C91BC942}") = "Continuous", "Continuous.vcxproj", "{5125E41D-431A-3C7B-A3F1-96E2A462A44F}"
	ProjectSection(ProjectDependencies) = postProject
		{B8B14953-D615-3E66-863E-CFDE5D5E89DC} = {B8B14953-D615-3E66-863E-CFDE5D5E89DC}
	EndProjectSection
EndProject
Project("{8BC9CEB8-8B4A-11D0-8D11-00A0C91BC942}") = "Experimental", "Experimental.vcxproj", "{DFC4F874-9BE8-3810-9C1F-1E364BD237D9}"
	ProjectSection(ProjectDependencies) = postProject
		{B8B14953-D615-3E66-863E-CFDE5D5E89DC} = {B8B14953-D615-3E66-863E-CFDE5D5E89DC}
	EndProjectSection
EndProject
Project("{8BC9CEB8-8B4A-11D0-8D11-00A0C91BC942}") = "INSTALL", "INSTALL.vcxproj", "{25EF36AB-BD0F-322E-9D36-1689B6606B55}"
	ProjectSection(ProjectDependencies) = postProject
		{A813A2D9-D288-3B3B-9367-449502176716} = {A813A2D9-D288-3B3B-9367-449502176716}
	EndProjectSection
EndProject
Project("{8BC9CEB8-8B4A-11D0-8D11-00A0C91BC942}") = "Nightly", "Nightly.vcxproj", "{6B2ADE7D-3E9F-3B28-994C-636CB6CD8038}"
	ProjectSection(ProjectDependencies) = postProject
		{B8B14953-D615-3E66-863E-CFDE5D5E89DC} = {B8B14953-D615-3E66-863E-CFDE5D5E89DC}
	EndProjectSection
EndProject
Project("{8BC9CEB8-8B4A-11D0-8D11-00A0C91BC942}") = "NightlyMemoryCheck", "NightlyMemoryCheck.vcxproj", "{45778268-77E0-3A95-946B-EF49547DB7AE}"
	ProjectSection(ProjectDependencies) = postProject
		{B8B14953-D615-3E66-863E-CFDE5D5E89DC} = {B8B14953-D615-3E66-863E-CFDE5D5E89DC}
	EndProjectSection
EndProject
Project("{8BC9CEB8-8B4A-11D0-8D11-00A0C91BC942}") = "RUN_TESTS", "RUN_TESTS.vcxproj", "{7D10811F-35A1-3071-8240-39919C26279D}"
	ProjectSection(ProjectDependencies) = postProject
	EndProjectSection
EndProject
Project("{8BC9CEB8-8B4A-11D0-8D11-00A0C91BC942}") = "TestSweepLineSpeed", "tests\bigtest\TestSweepLineSpeed.vcxproj", "{B2B5258B-74CD-3479-A576-892A25B44780}"
	ProjectSection(ProjectDependencies) = postProject
		{B8B14953-D615-3E66-863E-CFDE5D5E89DC} = {B8B14953-D615-3E66-863E-CFDE5D5E89DC}
		{1F602F4D-D0B8-3ADB-89BF-A06A7557FE6D} = {1F602F4D-D0B8-3ADB-89BF-A06A7557FE6D}
	EndProjectSection
EndProject
Project("{8BC9CEB8-8B4A-11D0-8D11-00A0C91BC942}") = "ZERO_CHECK", "ZERO_CHECK.vcxproj", "{B8B14953-D615-3E66-863E-CFDE5D5E89DC}"
	ProjectSection(ProjectDependencies) = postProject
	EndProjectSection
EndProject
Project("{8BC9CEB8-8B4A-11D0-8D11-00A0C91BC942}") = "bug234", "tests\bigtest\bug234.vcxproj", "{16FEE249-726E-301A-A88B-9CD167C0146B}"
	ProjectSection(ProjectDependencies) = postProject
		{B8B14953-D615-3E66-863E-CFDE5D5E89DC} = {B8B14953-D615-3E66-863E-CFDE5D5E89DC}
		{1F602F4D-D0B8-3ADB-89BF-A06A7557FE6D} = {1F602F4D-D0B8-3ADB-89BF-A06A7557FE6D}
	EndProjectSection
EndProject
Project("{8BC9CEB8-8B4A-11D0-8D11-00A0C91BC942}") = "check", "check.vcxproj", "{A1C8DF46-5FF8-335B-AE3E-A6761621D0C6}"
	ProjectSection(ProjectDependencies) = postProject
		{B8B14953-D615-3E66-863E-CFDE5D5E89DC} = {B8B14953-D615-3E66-863E-CFDE5D5E89DC}
	EndProjectSection
EndProject
Project("{8BC9CEB8-8B4A-11D0-8D11-00A0C91BC942}") = "geos", "src\geos.vcxproj", "{1F602F4D-D0B8-3ADB-89BF-A06A7557FE6D}"
	ProjectSection(ProjectDependencies) = postProject
		{B8B14953-D615-3E66-863E-CFDE5D5E89DC} = {B8B14953-D615-3E66-863E-CFDE5D5E89DC}
	EndProjectSection
EndProject
Project("{8BC9CEB8-8B4A-11D0-8D11-00A0C91BC942}") = "geos-static", "src\geos-static.vcxproj", "{2604F1E0-FBB4-3CA5-80F7-2432EDB26AE4}"
	ProjectSection(ProjectDependencies) = postProject
		{B8B14953-D615-3E66-863E-CFDE5D5E89DC} = {B8B14953-D615-3E66-863E-CFDE5D5E89DC}
	EndProjectSection
EndProject
Project("{8BC9CEB8-8B4A-11D0-8D11-00A0C91BC942}") = "geos_c", "capi\geos_c.vcxproj", "{0BE81167-3FC7-3D8B-AEED-831BC26439D7}"
	ProjectSection(ProjectDependencies) = postProject
		{B8B14953-D615-3E66-863E-CFDE5D5E89DC} = {B8B14953-D615-3E66-863E-CFDE5D5E89DC}
		{1F602F4D-D0B8-3ADB-89BF-A06A7557FE6D} = {1F602F4D-D0B8-3ADB-89BF-A06A7557FE6D}
	EndProjectSection
EndProject
Project("{8BC9CEB8-8B4A-11D0-8D11-00A0C91BC942}") = "geos_unit", "tests\unit\geos_unit.vcxproj", "{CAF9BDE7-87E0-36A4-B62F-31141CD9D60B}"
	ProjectSection(ProjectDependencies) = postProject
		{B8B14953-D615-3E66-863E-CFDE5D5E89DC} = {B8B14953-D615-3E66-863E-CFDE5D5E89DC}
		{1F602F4D-D0B8-3ADB-89BF-A06A7557FE6D} = {1F602F4D-D0B8-3ADB-89BF-A06A7557FE6D}
		{0BE81167-3FC7-3D8B-AEED-831BC26439D7} = {0BE81167-3FC7-3D8B-AEED-831BC26439D7}
	EndProjectSection
EndProject
Project("{8BC9CEB8-8B4A-11D0-8D11-00A0C91BC942}") = "simplewkttester", "tests\xmltester\simplewkttester.vcxproj", "{6CF61815-F544-3A19-B4B5-EAC7361816B8}"
	ProjectSection(ProjectDependencies) = postProject
		{B8B14953-D615-3E66-863E-CFDE5D5E89DC} = {B8B14953-D615-3E66-863E-CFDE5D5E89DC}
		{1F602F4D-D0B8-3ADB-89BF-A06A7557FE6D} = {1F602F4D-D0B8-3ADB-89BF-A06A7557FE6D}
	EndProjectSection
EndProject
Project("{8BC9CEB8-8B4A-11D0-8D11-00A0C91BC942}") = "uninstall", "uninstall.vcxproj", "{EDAC2D9C-FC77-3F73-96DF-0A4A66D12599}"
	ProjectSection(ProjectDependencies) = postProject
		{B8B14953-D615-3E66-863E-CFDE5D5E89DC} = {B8B14953-D615-3E66-863E-CFDE5D5E89DC}
	EndProjectSection
EndProject
Project("{8BC9CEB8-8B4A-11D0-8D11-00A0C91BC942}") = "xmltester", "tests\xmltester\xmltester.vcxproj", "{5EB8CC5F-D9AD-3FC7-B41E-2079B8D3434D}"
	ProjectSection(ProjectDependencies) = postProject
		{B8B14953-D615-3E66-863E-CFDE5D5E89DC} = {B8B14953-D615-3E66-863E-CFDE5D5E89DC}
		{1F602F4D-D0B8-3ADB-89BF-A06A7557FE6D} = {1F602F4D-D0B8-3ADB-89BF-A06A7557FE6D}
	EndProjectSection
EndProject
Global
	GlobalSection(SolutionConfigurationPlatforms) = preSolution
		Debug|Win32 = Debug|Win32
		Release|Win32 = Release|Win32
		MinSizeRel|Win32 = MinSizeRel|Win32
		RelWithDebInfo|Win32 = RelWithDebInfo|Win32
	EndGlobalSection
	GlobalSection(ProjectConfigurationPlatforms) = postSolution
		{A813A2D9-D288-3B3B-9367-449502176716}.Debug|Win32.ActiveCfg = Debug|Win32
		{A813A2D9-D288-3B3B-9367-449502176716}.Debug|Win32.Build.0 = Debug|Win32
		{A813A2D9-D288-3B3B-9367-449502176716}.Release|Win32.ActiveCfg = Release|Win32
		{A813A2D9-D288-3B3B-9367-449502176716}.Release|Win32.Build.0 = Release|Win32
		{A813A2D9-D288-3B3B-9367-449502176716}.MinSizeRel|Win32.ActiveCfg = MinSizeRel|Win32
		{A813A2D9-D288-3B3B-9367-449502176716}.MinSizeRel|Win32.Build.0 = MinSizeRel|Win32
		{A813A2D9-D288-3B3B-9367-449502176716}.RelWithDebInfo|Win32.ActiveCfg = RelWithDebInfo|Win32
		{A813A2D9-D288-3B3B-9367-449502176716}.RelWithDebInfo|Win32.Build.0 = RelWithDebInfo|Win32
		{5125E41D-431A-3C7B-A3F1-96E2A462A44F}.Debug|Win32.ActiveCfg = Debug|Win32
		{5125E41D-431A-3C7B-A3F1-96E2A462A44F}.Release|Win32.ActiveCfg = Release|Win32
		{5125E41D-431A-3C7B-A3F1-96E2A462A44F}.MinSizeRel|Win32.ActiveCfg = MinSizeRel|Win32
		{5125E41D-431A-3C7B-A3F1-96E2A462A44F}.RelWithDebInfo|Win32.ActiveCfg = RelWithDebInfo|Win32
		{DFC4F874-9BE8-3810-9C1F-1E364BD237D9}.Debug|Win32.ActiveCfg = Debug|Win32
		{DFC4F874-9BE8-3810-9C1F-1E364BD237D9}.Release|Win32.ActiveCfg = Release|Win32
		{DFC4F874-9BE8-3810-9C1F-1E364BD237D9}.MinSizeRel|Win32.ActiveCfg = MinSizeRel|Win32
		{DFC4F874-9BE8-3810-9C1F-1E364BD237D9}.RelWithDebInfo|Win32.ActiveCfg = RelWithDebInfo|Win32
		{25EF36AB-BD0F-322E-9D36-1689B6606B55}.Debug|Win32.ActiveCfg = Debug|Win32
		{25EF36AB-BD0F-322E-9D36-1689B6606B55}.Release|Win32.ActiveCfg = Release|Win32
		{25EF36AB-BD0F-322E-9D36-1689B6606B55}.MinSizeRel|Win32.ActiveCfg = MinSizeRel|Win32
		{25EF36AB-BD0F-322E-9D36-1689B6606B55}.RelWithDebInfo|Win32.ActiveCfg = RelWithDebInfo|Win32
		{6B2ADE7D-3E9F-3B28-994C-636CB6CD8038}.Debug|Win32.ActiveCfg = Debug|Win32
		{6B2ADE7D-3E9F-3B28-994C-636CB6CD8038}.Release|Win32.ActiveCfg = Release|Win32
		{6B2ADE7D-3E9F-3B28-994C-636CB6CD8038}.MinSizeRel|Win32.ActiveCfg = MinSizeRel|Win32
		{6B2ADE7D-3E9F-3B28-994C-636CB6CD8038}.RelWithDebInfo|Win32.ActiveCfg = RelWithDebInfo|Win32
		{45778268-77E0-3A95-946B-EF49547DB7AE}.Debug|Win32.ActiveCfg = Debug|Win32
		{45778268-77E0-3A95-946B-EF49547DB7AE}.Release|Win32.ActiveCfg = Release|Win32
		{45778268-77E0-3A95-946B-EF49547DB7AE}.MinSizeRel|Win32.ActiveCfg = MinSizeRel|Win32
		{45778268-77E0-3A95-946B-EF49547DB7AE}.RelWithDebInfo|Win32.ActiveCfg = RelWithDebInfo|Win32
		{7D10811F-35A1-3071-8240-39919C26279D}.Debug|Win32.ActiveCfg = Debug|Win32
		{7D10811F-35A1-3071-8240-39919C26279D}.Release|Win32.ActiveCfg = Release|Win32
		{7D10811F-35A1-3071-8240-39919C26279D}.MinSizeRel|Win32.ActiveCfg = MinSizeRel|Win32
		{7D10811F-35A1-3071-8240-39919C26279D}.RelWithDebInfo|Win32.ActiveCfg = RelWithDebInfo|Win32
		{B2B5258B-74CD-3479-A576-892A25B44780}.Debug|Win32.ActiveCfg = Debug|Win32
		{B2B5258B-74CD-3479-A576-892A25B44780}.Debug|Win32.Build.0 = Debug|Win32
		{B2B5258B-74CD-3479-A576-892A25B44780}.Release|Win32.ActiveCfg = Release|Win32
		{B2B5258B-74CD-3479-A576-892A25B44780}.Release|Win32.Build.0 = Release|Win32
		{B2B5258B-74CD-3479-A576-892A25B44780}.MinSizeRel|Win32.ActiveCfg = MinSizeRel|Win32
		{B2B5258B-74CD-3479-A576-892A25B44780}.MinSizeRel|Win32.Build.0 = MinSizeRel|Win32
		{B2B5258B-74CD-3479-A576-892A25B44780}.RelWithDebInfo|Win32.ActiveCfg = RelWithDebInfo|Win32
		{B2B5258B-74CD-3479-A576-892A25B44780}.RelWithDebInfo|Win32.Build.0 = RelWithDebInfo|Win32
		{B8B14953-D615-3E66-863E-CFDE5D5E89DC}.Debug|Win32.ActiveCfg = Debug|Win32
		{B8B14953-D615-3E66-863E-CFDE5D5E89DC}.Debug|Win32.Build.0 = Debug|Win32
		{B8B14953-D615-3E66-863E-CFDE5D5E89DC}.Release|Win32.ActiveCfg = Release|Win32
		{B8B14953-D615-3E66-863E-CFDE5D5E89DC}.Release|Win32.Build.0 = Release|Win32
		{B8B14953-D615-3E66-863E-CFDE5D5E89DC}.MinSizeRel|Win32.ActiveCfg = MinSizeRel|Win32
		{B8B14953-D615-3E66-863E-CFDE5D5E89DC}.MinSizeRel|Win32.Build.0 = MinSizeRel|Win32
		{B8B14953-D615-3E66-863E-CFDE5D5E89DC}.RelWithDebInfo|Win32.ActiveCfg = RelWithDebInfo|Win32
		{B8B14953-D615-3E66-863E-CFDE5D5E89DC}.RelWithDebInfo|Win32.Build.0 = RelWithDebInfo|Win32
		{16FEE249-726E-301A-A88B-9CD167C0146B}.Debug|Win32.ActiveCfg = Debug|Win32
		{16FEE249-726E-301A-A88B-9CD167C0146B}.Debug|Win32.Build.0 = Debug|Win32
		{16FEE249-726E-301A-A88B-9CD167C0146B}.Release|Win32.ActiveCfg = Release|Win32
		{16FEE249-726E-301A-A88B-9CD167C0146B}.Release|Win32.Build.0 = Release|Win32
		{16FEE249-726E-301A-A88B-9CD167C0146B}.MinSizeRel|Win32.ActiveCfg = MinSizeRel|Win32
		{16FEE249-726E-301A-A88B-9CD167C0146B}.MinSizeRel|Win32.Build.0 = MinSizeRel|Win32
		{16FEE249-726E-301A-A88B-9CD167C0146B}.RelWithDebInfo|Win32.ActiveCfg = RelWithDebInfo|Win32
		{16FEE249-726E-301A-A88B-9CD167C0146B}.RelWithDebInfo|Win32.Build.0 = RelWithDebInfo|Win32
		{A1C8DF46-5FF8-335B-AE3E-A6761621D0C6}.Debug|Win32.ActiveCfg = Debug|Win32
		{A1C8DF46-5FF8-335B-AE3E-A6761621D0C6}.Release|Win32.ActiveCfg = Release|Win32
		{A1C8DF46-5FF8-335B-AE3E-A6761621D0C6}.MinSizeRel|Win32.ActiveCfg = MinSizeRel|Win32
		{A1C8DF46-5FF8-335B-AE3E-A6761621D0C6}.RelWithDebInfo|Win32.ActiveCfg = RelWithDebInfo|Win32
		{1F602F4D-D0B8-3ADB-89BF-A06A7557FE6D}.Debug|Win32.ActiveCfg = Debug|Win32
		{1F602F4D-D0B8-3ADB-89BF-A06A7557FE6D}.Debug|Win32.Build.0 = Debug|Win32
		{1F602F4D-D0B8-3ADB-89BF-A06A7557FE6D}.Release|Win32.ActiveCfg = Release|Win32
		{1F602F4D-D0B8-3ADB-89BF-A06A7557FE6D}.Release|Win32.Build.0 = Release|Win32
		{1F602F4D-D0B8-3ADB-89BF-A06A7557FE6D}.MinSizeRel|Win32.ActiveCfg = MinSizeRel|Win32
		{1F602F4D-D0B8-3ADB-89BF-A06A7557FE6D}.MinSizeRel|Win32.Build.0 = MinSizeRel|Win32
		{1F602F4D-D0B8-3ADB-89BF-A06A7557FE6D}.RelWithDebInfo|Win32.ActiveCfg = RelWithDebInfo|Win32
		{1F602F4D-D0B8-3ADB-89BF-A06A7557FE6D}.RelWithDebInfo|Win32.Build.0 = RelWithDebInfo|Win32
		{2604F1E0-FBB4-3CA5-80F7-2432EDB26AE4}.Debug|Win32.ActiveCfg = Debug|Win32
		{2604F1E0-FBB4-3CA5-80F7-2432EDB26AE4}.Debug|Win32.Build.0 = Debug|Win32
		{2604F1E0-FBB4-3CA5-80F7-2432EDB26AE4}.Release|Win32.ActiveCfg = Release|Win32
		{2604F1E0-FBB4-3CA5-80F7-2432EDB26AE4}.Release|Win32.Build.0 = Release|Win32
		{2604F1E0-FBB4-3CA5-80F7-2432EDB26AE4}.MinSizeRel|Win32.ActiveCfg = MinSizeRel|Win32
		{2604F1E0-FBB4-3CA5-80F7-2432EDB26AE4}.MinSizeRel|Win32.Build.0 = MinSizeRel|Win32
		{2604F1E0-FBB4-3CA5-80F7-2432EDB26AE4}.RelWithDebInfo|Win32.ActiveCfg = RelWithDebInfo|Win32
		{2604F1E0-FBB4-3CA5-80F7-2432EDB26AE4}.RelWithDebInfo|Win32.Build.0 = RelWithDebInfo|Win32
		{0BE81167-3FC7-3D8B-AEED-831BC26439D7}.Debug|Win32.ActiveCfg = Debug|Win32
		{0BE81167-3FC7-3D8B-AEED-831BC26439D7}.Debug|Win32.Build.0 = Debug|Win32
		{0BE81167-3FC7-3D8B-AEED-831BC26439D7}.Release|Win32.ActiveCfg = Release|Win32
		{0BE81167-3FC7-3D8B-AEED-831BC26439D7}.Release|Win32.Build.0 = Release|Win32
		{0BE81167-3FC7-3D8B-AEED-831BC26439D7}.MinSizeRel|Win32.ActiveCfg = MinSizeRel|Win32
		{0BE81167-3FC7-3D8B-AEED-831BC26439D7}.MinSizeRel|Win32.Build.0 = MinSizeRel|Win32
		{0BE81167-3FC7-3D8B-AEED-831BC26439D7}.RelWithDebInfo|Win32.ActiveCfg = RelWithDebInfo|Win32
		{0BE81167-3FC7-3D8B-AEED-831BC26439D7}.RelWithDebInfo|Win32.Build.0 = RelWithDebInfo|Win32
		{CAF9BDE7-87E0-36A4-B62F-31141CD9D60B}.Debug|Win32.ActiveCfg = Debug|Win32
		{CAF9BDE7-87E0-36A4-B62F-31141CD9D60B}.Debug|Win32.Build.0 = Debug|Win32
		{CAF9BDE7-87E0-36A4-B62F-31141CD9D60B}.Release|Win32.ActiveCfg = Release|Win32
		{CAF9BDE7-87E0-36A4-B62F-31141CD9D60B}.Release|Win32.Build.0 = Release|Win32
		{CAF9BDE7-87E0-36A4-B62F-31141CD9D60B}.MinSizeRel|Win32.ActiveCfg = MinSizeRel|Win32
		{CAF9BDE7-87E0-36A4-B62F-31141CD9D60B}.MinSizeRel|Win32.Build.0 = MinSizeRel|Win32
		{CAF9BDE7-87E0-36A4-B62F-31141CD9D60B}.RelWithDebInfo|Win32.ActiveCfg = RelWithDebInfo|Win32
		{CAF9BDE7-87E0-36A4-B62F-31141CD9D60B}.RelWithDebInfo|Win32.Build.0 = RelWithDebInfo|Win32
		{6CF61815-F544-3A19-B4B5-EAC7361816B8}.Debug|Win32.ActiveCfg = Debug|Win32
		{6CF61815-F544-3A19-B4B5-EAC7361816B8}.Debug|Win32.Build.0 = Debug|Win32
		{6CF61815-F544-3A19-B4B5-EAC7361816B8}.Release|Win32.ActiveCfg = Release|Win32
		{6CF61815-F544-3A19-B4B5-EAC7361816B8}.Release|Win32.Build.0 = Release|Win32
		{6CF61815-F544-3A19-B4B5-EAC7361816B8}.MinSizeRel|Win32.ActiveCfg = MinSizeRel|Win32
		{6CF61815-F544-3A19-B4B5-EAC7361816B8}.MinSizeRel|Win32.Build.0 = MinSizeRel|Win32
		{6CF61815-F544-3A19-B4B5-EAC7361816B8}.RelWithDebInfo|Win32.ActiveCfg = RelWithDebInfo|Win32
		{6CF61815-F544-3A19-B4B5-EAC7361816B8}.RelWithDebInfo|Win32.Build.0 = RelWithDebInfo|Win32
		{EDAC2D9C-FC77-3F73-96DF-0A4A66D12599}.Debug|Win32.ActiveCfg = Debug|Win32
		{EDAC2D9C-FC77-3F73-96DF-0A4A66D12599}.Release|Win32.ActiveCfg = Release|Win32
		{EDAC2D9C-FC77-3F73-96DF-0A4A66D12599}.MinSizeRel|Win32.ActiveCfg = MinSizeRel|Win32
		{EDAC2D9C-FC77-3F73-96DF-0A4A66D12599}.RelWithDebInfo|Win32.ActiveCfg = RelWithDebInfo|Win32
		{5EB8CC5F-D9AD-3FC7-B41E-2079B8D3434D}.Debug|Win32.ActiveCfg = Debug|Win32
		{5EB8CC5F-D9AD-3FC7-B41E-2079B8D3434D}.Debug|Win32.Build.0 = Debug|Win32
		{5EB8CC5F-D9AD-3FC7-B41E-2079B8D3434D}.Release|Win32.ActiveCfg = Release|Win32
		{5EB8CC5F-D9AD-3FC7-B41E-2079B8D3434D}.Release|Win32.Build.0 = Release|Win32
		{5EB8CC5F-D9AD-3FC7-B41E-2079B8D3434D}.MinSizeRel|Win32.ActiveCfg = MinSizeRel|Win32
		{5EB8CC5F-D9AD-3FC7-B41E-2079B8D3434D}.MinSizeRel|Win32.Build.0 = MinSizeRel|Win32
		{5EB8CC5F-D9AD-3FC7-B41E-2079B8D3434D}.RelWithDebInfo|Win32.ActiveCfg = RelWithDebInfo|Win32
		{5EB8CC5F-D9AD-3FC7-B41E-2079B8D3434D}.RelWithDebInfo|Win32.Build.0 = RelWithDebInfo|Win32
	EndGlobalSection
	GlobalSection(ExtensibilityGlobals) = postSolution
	EndGlobalSection
	GlobalSection(ExtensibilityAddIns) = postSolution
	EndGlobalSection
EndGlobal
