<?xml version="1.0" encoding="UTF-8"?>
<Project ToolsVersion="4.0" xmlns="http://schemas.microsoft.com/developer/msbuild/2003">
  <ItemGroup>
    <ClCompile Include="AccelOperator.cpp">
      <Filter>Source Files</Filter>
    </ClCompile>
    <ClCompile Include="AngularAccelOperator.cpp">
      <Filter>Source Files</Filter>
    </ClCompile>
    <ClCompile Include="AngularDampingOperator.cpp">
      <Filter>Source Files</Filter>
    </ClCompile>
    <ClCompile Include="BounceOperator.cpp">
      <Filter>Source Files</Filter>
    </ClCompile>
    <ClCompile Include="BoxPlacer.cpp">
      <Filter>Source Files</Filter>
    </ClCompile>
    <ClCompile Include="CenteredPlacer.cpp">
      <Filter>Source Files</Filter>
    </ClCompile>
    <ClCompile Include="CompositePlacer.cpp">
      <Filter>Source Files</Filter>
    </ClCompile>
    <ClCompile Include="ConnectedParticleSystem.cpp">
      <Filter>Source Files</Filter>
    </ClCompile>
    <ClCompile Include="ConstantRateCounter.cpp">
      <Filter>Source Files</Filter>
    </ClCompile>
    <ClCompile Include="Counter.cpp">
      <Filter>Source Files</Filter>
    </ClCompile>
    <ClCompile Include="DampingOperator.cpp">
      <Filter>Source Files</Filter>
    </ClCompile>
    <ClCompile Include="DomainOperator.cpp">
      <Filter>Source Files</Filter>
    </ClCompile>
    <ClCompile Include="Emitter.cpp">
      <Filter>Source Files</Filter>
    </ClCompile>
    <ClCompile Include="ExplosionDebrisEffect.cpp">
      <Filter>Source Files</Filter>
    </ClCompile>
    <ClCompile Include="ExplosionEffect.cpp">
      <Filter>Source Files</Filter>
    </ClCompile>
    <ClCompile Include="ExplosionOperator.cpp">
      <Filter>Source Files</Filter>
    </ClCompile>
    <ClCompile Include="FireEffect.cpp">
      <Filter>Source Files</Filter>
    </ClCompile>
    <ClCompile Include="FluidFrictionOperator.cpp">
      <Filter>Source Files</Filter>
    </ClCompile>
    <ClCompile Include="FluidProgram.cpp">
      <Filter>Source Files</Filter>
    </ClCompile>
    <ClCompile Include="ForceOperator.cpp">
      <Filter>Source Files</Filter>
    </ClCompile>
    <ClCompile Include="Interpolator.cpp">
      <Filter>Source Files</Filter>
    </ClCompile>
    <ClCompile Include="LibraryWrapper.cpp">
      <Filter>Source Files</Filter>
    </ClCompile>
    <ClCompile Include="LinearInterpolator.cpp">
      <Filter>Source Files</Filter>
    </ClCompile>
    <ClCompile Include="ModularEmitter.cpp">
      <Filter>Source Files</Filter>
    </ClCompile>
    <ClCompile Include="ModularProgram.cpp">
      <Filter>Source Files</Filter>
    </ClCompile>
    <ClCompile Include="MultiSegmentPlacer.cpp">
      <Filter>Source Files</Filter>
    </ClCompile>
    <ClCompile Include="Operator.cpp">
      <Filter>Source Files</Filter>
    </ClCompile>
    <ClCompile Include="OrbitOperator.cpp">
      <Filter>Source Files</Filter>
    </ClCompile>
    <ClCompile Include="Particle.cpp">
      <Filter>Source Files</Filter>
    </ClCompile>
    <ClCompile Include="ParticleEffect.cpp">
      <Filter>Source Files</Filter>
    </ClCompile>
    <ClCompile Include="ParticleProcessor.cpp">
      <Filter>Source Files</Filter>
    </ClCompile>
    <ClCompile Include="ParticleSystem.cpp">
      <Filter>Source Files</Filter>
    </ClCompile>
    <ClCompile Include="ParticleSystemUpdater.cpp">
      <Filter>Source Files</Filter>
    </ClCompile>
    <ClCompile Include="Placer.cpp">
      <Filter>Source Files</Filter>
    </ClCompile>
    <ClCompile Include="PointPlacer.cpp">
      <Filter>Source Files</Filter>
    </ClCompile>
    <ClCompile Include="PrecipitationEffect.cpp">
      <Filter>Source Files</Filter>
    </ClCompile>
    <ClCompile Include="Program.cpp">
      <Filter>Source Files</Filter>
    </ClCompile>
    <ClCompile Include="RadialShooter.cpp">
      <Filter>Source Files</Filter>
    </ClCompile>
    <ClCompile Include="RandomRateCounter.cpp">
      <Filter>Source Files</Filter>
    </ClCompile>
    <ClCompile Include="SectorPlacer.cpp">
      <Filter>Source Files</Filter>
    </ClCompile>
    <ClCompile Include="SegmentPlacer.cpp">
      <Filter>Source Files</Filter>
    </ClCompile>
    <ClCompile Include="Shooter.cpp">
      <Filter>Source Files</Filter>
    </ClCompile>
    <ClCompile Include="SinkOperator.cpp">
      <Filter>Source Files</Filter>
    </ClCompile>
    <ClCompile Include="SmokeEffect.cpp">
      <Filter>Source Files</Filter>
    </ClCompile>
    <ClCompile Include="SmokeTrailEffect.cpp">
      <Filter>Source Files</Filter>
    </ClCompile>
    <ClCompile Include="VariableRateCounter.cpp">
      <Filter>Source Files</Filter>
    </ClCompile>
  </ItemGroup>
  <ItemGroup>
    <CustomBuild Include="CMakeLists.txt" />
  </ItemGroup>
  <ItemGroup>
    <ResourceCompile Include="..\..\..\..\PlatformSpecifics\Windows\OpenSceneGraphVersionInfo.rc">
      <Filter>Source Files</Filter>
    </ResourceCompile>
  </ItemGroup>
  <ItemGroup>
    <Filter Include="Source Files">
      <UniqueIdentifier>{9DA6F235-65BB-369A-9644-DFFF842D4DE2}</UniqueIdentifier>
    </Filter>
  </ItemGroup>
</Project>
