<?xml version="1.0" encoding="UTF-8"?>
<Project ToolsVersion="4.0" xmlns="http://schemas.microsoft.com/developer/msbuild/2003">
  <ItemGroup>
    <ClCompile Include="AncillaryRecords.cpp">
      <Filter>Source Files</Filter>
    </ClCompile>
    <ClCompile Include="AttrData.cpp">
      <Filter>Source Files</Filter>
    </ClCompile>
    <ClCompile Include="ControlRecords.cpp">
      <Filter>Source Files</Filter>
    </ClCompile>
    <ClCompile Include="DataInputStream.cpp">
      <Filter>Source Files</Filter>
    </ClCompile>
    <ClCompile Include="DataOutputStream.cpp">
      <Filter>Source Files</Filter>
    </ClCompile>
    <ClCompile Include="Document.cpp">
      <Filter>Source Files</Filter>
    </ClCompile>
    <ClCompile Include="expAncillaryRecords.cpp">
      <Filter>Source Files</Filter>
    </ClCompile>
    <ClCompile Include="expControlRecords.cpp">
      <Filter>Source Files</Filter>
    </ClCompile>
    <ClCompile Include="expGeometryRecords.cpp">
      <Filter>Source Files</Filter>
    </ClCompile>
    <ClCompile Include="expPrimaryRecords.cpp">
      <Filter>Source Files</Filter>
    </ClCompile>
    <ClCompile Include="ExportOptions.cpp">
      <Filter>Source Files</Filter>
    </ClCompile>
    <ClCompile Include="FltExportVisitor.cpp">
      <Filter>Source Files</Filter>
    </ClCompile>
    <ClCompile Include="GeometryRecords.cpp">
      <Filter>Source Files</Filter>
    </ClCompile>
    <ClCompile Include="LightPointRecords.cpp">
      <Filter>Source Files</Filter>
    </ClCompile>
    <ClCompile Include="LightSourcePaletteManager.cpp">
      <Filter>Source Files</Filter>
    </ClCompile>
    <ClCompile Include="MaterialPaletteManager.cpp">
      <Filter>Source Files</Filter>
    </ClCompile>
    <ClCompile Include="PaletteRecords.cpp">
      <Filter>Source Files</Filter>
    </ClCompile>
    <ClCompile Include="Pools.cpp">
      <Filter>Source Files</Filter>
    </ClCompile>
    <ClCompile Include="PrimaryRecords.cpp">
      <Filter>Source Files</Filter>
    </ClCompile>
    <ClCompile Include="ReaderWriterATTR.cpp">
      <Filter>Source Files</Filter>
    </ClCompile>
    <ClCompile Include="ReaderWriterFLT.cpp">
      <Filter>Source Files</Filter>
    </ClCompile>
    <ClCompile Include="Record.cpp">
      <Filter>Source Files</Filter>
    </ClCompile>
    <ClCompile Include="RecordInputStream.cpp">
      <Filter>Source Files</Filter>
    </ClCompile>
    <ClCompile Include="Registry.cpp">
      <Filter>Source Files</Filter>
    </ClCompile>
    <ClCompile Include="ReservedRecords.cpp">
      <Filter>Source Files</Filter>
    </ClCompile>
    <ClCompile Include="RoadRecords.cpp">
      <Filter>Source Files</Filter>
    </ClCompile>
    <ClCompile Include="TexturePaletteManager.cpp">
      <Filter>Source Files</Filter>
    </ClCompile>
    <ClCompile Include="Vertex.cpp">
      <Filter>Source Files</Filter>
    </ClCompile>
    <ClCompile Include="VertexPaletteManager.cpp">
      <Filter>Source Files</Filter>
    </ClCompile>
    <ClCompile Include="VertexRecords.cpp">
      <Filter>Source Files</Filter>
    </ClCompile>
  </ItemGroup>
  <ItemGroup>
    <ClInclude Include="AttrData.h">
      <Filter>Header Files</Filter>
    </ClInclude>
    <ClInclude Include="DataInputStream.h">
      <Filter>Header Files</Filter>
    </ClInclude>
    <ClInclude Include="DataOutputStream.h">
      <Filter>Header Files</Filter>
    </ClInclude>
    <ClInclude Include="ExportOptions.h">
      <Filter>Header Files</Filter>
    </ClInclude>
    <ClInclude Include="FltExportVisitor.h">
      <Filter>Header Files</Filter>
    </ClInclude>
    <ClInclude Include="FltWriteResult.h">
      <Filter>Header Files</Filter>
    </ClInclude>
    <ClInclude Include="Document.h">
      <Filter>Header Files</Filter>
    </ClInclude>
    <ClInclude Include="LightSourcePaletteManager.h">
      <Filter>Header Files</Filter>
    </ClInclude>
    <ClInclude Include="MaterialPaletteManager.h">
      <Filter>Header Files</Filter>
    </ClInclude>
    <ClInclude Include="Pools.h">
      <Filter>Header Files</Filter>
    </ClInclude>
    <ClInclude Include="Record.h">
      <Filter>Header Files</Filter>
    </ClInclude>
    <ClInclude Include="RecordInputStream.h">
      <Filter>Header Files</Filter>
    </ClInclude>
    <ClInclude Include="Registry.h">
      <Filter>Header Files</Filter>
    </ClInclude>
    <ClInclude Include="TexturePaletteManager.h">
      <Filter>Header Files</Filter>
    </ClInclude>
    <ClInclude Include="Vertex.h">
      <Filter>Header Files</Filter>
    </ClInclude>
    <ClInclude Include="VertexPaletteManager.h">
      <Filter>Header Files</Filter>
    </ClInclude>
    <ClInclude Include="Opcodes.h">
      <Filter>Header Files</Filter>
    </ClInclude>
    <ClInclude Include="Types.h">
      <Filter>Header Files</Filter>
    </ClInclude>
    <ClInclude Include="Utils.h">
      <Filter>Header Files</Filter>
    </ClInclude>
  </ItemGroup>
  <ItemGroup>
    <CustomBuild Include="CMakeLists.txt" />
  </ItemGroup>
  <ItemGroup>
    <ResourceCompile Include="..\..\..\PlatformSpecifics\Windows\OpenSceneGraphVersionInfo.rc">
      <Filter>Source Files</Filter>
    </ResourceCompile>
  </ItemGroup>
  <ItemGroup>
    <Filter Include="Source Files">
      <UniqueIdentifier>{9DA6F235-65BB-369A-9644-DFFF842D4DE2}</UniqueIdentifier>
    </Filter>
    <Filter Include="Header Files">
      <UniqueIdentifier>{7C5A8E3A-D65C-3A16-B312-F83264D66A2B}</UniqueIdentifier>
    </Filter>
  </ItemGroup>
</Project>
